
Microsoft Visual Studio Solution File, Format Version 12.00
# Visual Studio Version 17
VisualStudioVersion = 17.10.34916.146
MinimumVisualStudioVersion = 10.0.40219.1
Project("{FAE04EC0-301F-11D3-BF4B-00C04F79EFBC}") = "kabalangay-project", "kabalangay-project\kabalangay-project.csproj", "{D1784802-A2EE-4F6E-8A78-2711635DFFEC}"
EndProject
Global
	GlobalSection(SolutionConfigurationPlatforms) = preSolution
		Debug|Any CPU = Debug|Any CPU
		Release|Any CPU = Release|Any CPU
	EndGlobalSection
	GlobalSection(ProjectConfigurationPlatforms) = postSolution
		{D1784802-A2EE-4F6E-8A78-2711635DFFEC}.Debug|Any CPU.ActiveCfg = Debug|Any CPU
		{D1784802-A2EE-4F6E-8A78-2711635DFFEC}.Debug|Any CPU.Build.0 = Debug|Any CPU
		{D1784802-A2EE-4F6E-8A78-2711635DFFEC}.Release|Any CPU.ActiveCfg = Release|Any CPU
		{D1784802-A2EE-4F6E-8A78-2711635DFFEC}.Release|Any CPU.Build.0 = Release|Any CPU
	EndGlobalSection
	GlobalSection(SolutionProperties) = preSolution
		HideSolutionNode = FALSE
	EndGlobalSection
	GlobalSection(ExtensibilityGlobals) = postSolution
		SolutionGuid = {47874CFC-DE52-4914-A3FF-C2BF65096368}
	EndGlobalSection
EndGlobal
